
Microsoft Visual Studio Solution File, Format Version 12.00
# Visual Studio Version 16
VisualStudioVersion = 16.0.30002.166
MinimumVisualStudioVersion = 10.0.40219.1
Project("{FAE04EC0-301F-11D3-BF4B-00C04F79EFBC}") = "ProductivityTools.Bank.Millenium.Runner", "ProductivityTools.Bank.Millenium.Runner\ProductivityTools.Bank.Millenium.Runner.csproj", "{D7719390-1411-4B02-B664-9934F0DB7E72}"
EndProject
Global
	GlobalSection(SolutionConfigurationPlatforms) = preSolution
		Debug|Any CPU = Debug|Any CPU
		Release|Any CPU = Release|Any CPU
	EndGlobalSection
	GlobalSection(ProjectConfigurationPlatforms) = postSolution
		{D7719390-1411-4B02-B664-9934F0DB7E72}.Debug|Any CPU.ActiveCfg = Debug|Any CPU
		{D7719390-1411-4B02-B664-9934F0DB7E72}.Debug|Any CPU.Build.0 = Debug|Any CPU
		{D7719390-1411-4B02-B664-9934F0DB7E72}.Release|Any CPU.ActiveCfg = Release|Any CPU
		{D7719390-1411-4B02-B664-9934F0DB7E72}.Release|Any CPU.Build.0 = Release|Any CPU
	EndGlobalSection
	GlobalSection(SolutionProperties) = preSolution
		HideSolutionNode = FALSE
	EndGlobalSection
	GlobalSection(ExtensibilityGlobals) = postSolution
		SolutionGuid = {B9A5407B-F739-4E96-A453-3E7E31124AE4}
	EndGlobalSection
EndGlobal
